// !$*UTF8*$!
{
	archiveVersion = 1;
	classes = {
	};
	objectVersion = 46;
	objects = {

/* Begin PBXBuildFile section */
		4F029F731B465B9500374B83 /* Widget.swift in Sources */ = {isa = PBXBuildFile; fileRef = 4F029F721B465B9500374B83 /* Widget.swift */; };
		4F029F751B465CE000374B83 /* Location.swift in Sources */ = {isa = PBXBuildFile; fileRef = 4F029F741B465CE000374B83 /* Location.swift */; };
		4F029F771B465D8000374B83 /* WidgetsGateway.swift in Sources */ = {isa = PBXBuildFile; fileRef = 4F029F761B465D8000374B83 /* WidgetsGateway.swift */; };
		4F029F791B46603E00374B83 /* PostsTableViewController.swift in Sources */ = {isa = PBXBuildFile; fileRef = 4F029F781B46603E00374B83 /* PostsTableViewController.swift */; };
		4FBE90F31B461E12004F9184 /* AppDelegate.swift in Sources */ = {isa = PBXBuildFile; fileRef = 4FBE90F21B461E12004F9184 /* AppDelegate.swift */; };
		4FBE90F81B461E12004F9184 /* Main.storyboard in Resources */ = {isa = PBXBuildFile; fileRef = 4FBE90F61B461E12004F9184 /* Main.storyboard */; };
		4FBE90FA1B461E12004F9184 /* Images.xcassets in Resources */ = {isa = PBXBuildFile; fileRef = 4FBE90F91B461E12004F9184 /* Images.xcassets */; };
		4FBE90FD1B461E12004F9184 /* LaunchScreen.xib in Resources */ = {isa = PBXBuildFile; fileRef = 4FBE90FB1B461E12004F9184 /* LaunchScreen.xib */; };
		4FBE91091B461E13004F9184 /* WidgetsPrototypeTests.swift in Sources */ = {isa = PBXBuildFile; fileRef = 4FBE91081B461E13004F9184 /* WidgetsPrototypeTests.swift */; };
		4FBE91131B462082004F9184 /* Post.swift in Sources */ = {isa = PBXBuildFile; fileRef = 4FBE91121B462082004F9184 /* Post.swift */; };
		4FBE91161B4621AD004F9184 /* ImageMeta.swift in Sources */ = {isa = PBXBuildFile; fileRef = 4FBE91151B4621AD004F9184 /* ImageMeta.swift */; };
		4FBE91181B4621F3004F9184 /* ImageSize.swift in Sources */ = {isa = PBXBuildFile; fileRef = 4FBE91171B4621F3004F9184 /* ImageSize.swift */; };
		4FBE911A1B46221A004F9184 /* Source.swift in Sources */ = {isa = PBXBuildFile; fileRef = 4FBE91191B46221A004F9184 /* Source.swift */; };
		4FBE911C1B46225D004F9184 /* Poster.swift in Sources */ = {isa = PBXBuildFile; fileRef = 4FBE911B1B46225D004F9184 /* Poster.swift */; };
		4FBE911E1B46238B004F9184 /* PostsGateway.swift in Sources */ = {isa = PBXBuildFile; fileRef = 4FBE911D1B46238B004F9184 /* PostsGateway.swift */; };
		4FBE91211B463614004F9184 /* WidgetsTableViewController.swift in Sources */ = {isa = PBXBuildFile; fileRef = 4FBE91201B463614004F9184 /* WidgetsTableViewController.swift */; };
		4FBE91241B463E26004F9184 /* PostTableViewCell.swift in Sources */ = {isa = PBXBuildFile; fileRef = 4FBE91231B463E26004F9184 /* PostTableViewCell.swift */; };
		87C93C27869F5DA829EFE124 /* Pods.framework in Frameworks */ = {isa = PBXBuildFile; fileRef = 4C7880BB13871E4B8C6FA0C4 /* Pods.framework */; settings = {ATTRIBUTES = (Weak, ); }; };
/* End PBXBuildFile section */

/* Begin PBXContainerItemProxy section */
		4FBE91031B461E13004F9184 /* PBXContainerItemProxy */ = {
			isa = PBXContainerItemProxy;
			containerPortal = 4FBE90E51B461E12004F9184 /* Project object */;
			proxyType = 1;
			remoteGlobalIDString = 4FBE90EC1B461E12004F9184;
			remoteInfo = WidgetsPrototype;
		};
/* End PBXContainerItemProxy section */

/* Begin PBXFileReference section */
		370E143C346F2AE7C916FE63 /* Pods.release.xcconfig */ = {isa = PBXFileReference; includeInIndex = 1; lastKnownFileType = text.xcconfig; name = Pods.release.xcconfig; path = "Pods/Target Support Files/Pods/Pods.release.xcconfig"; sourceTree = "<group>"; };
		4C7880BB13871E4B8C6FA0C4 /* Pods.framework */ = {isa = PBXFileReference; explicitFileType = wrapper.framework; includeInIndex = 0; path = Pods.framework; sourceTree = BUILT_PRODUCTS_DIR; };
		4F029F711B46433700374B83 /* WidgetsPrototype-Bridging-Header.h */ = {isa = PBXFileReference; fileEncoding = 4; lastKnownFileType = sourcecode.c.h; path = "WidgetsPrototype-Bridging-Header.h"; sourceTree = "<group>"; };
		4F029F721B465B9500374B83 /* Widget.swift */ = {isa = PBXFileReference; fileEncoding = 4; lastKnownFileType = sourcecode.swift; path = Widget.swift; sourceTree = "<group>"; };
		4F029F741B465CE000374B83 /* Location.swift */ = {isa = PBXFileReference; fileEncoding = 4; lastKnownFileType = sourcecode.swift; path = Location.swift; sourceTree = "<group>"; };
		4F029F761B465D8000374B83 /* WidgetsGateway.swift */ = {isa = PBXFileReference; fileEncoding = 4; lastKnownFileType = sourcecode.swift; path = WidgetsGateway.swift; sourceTree = "<group>"; };
		4F029F781B46603E00374B83 /* PostsTableViewController.swift */ = {isa = PBXFileReference; fileEncoding = 4; lastKnownFileType = sourcecode.swift; path = PostsTableViewController.swift; sourceTree = "<group>"; };
		4FBE90ED1B461E12004F9184 /* WidgetsPrototype.app */ = {isa = PBXFileReference; explicitFileType = wrapper.application; includeInIndex = 0; path = WidgetsPrototype.app; sourceTree = BUILT_PRODUCTS_DIR; };
		4FBE90F11B461E12004F9184 /* Info.plist */ = {isa = PBXFileReference; lastKnownFileType = text.plist.xml; path = Info.plist; sourceTree = "<group>"; };
		4FBE90F21B461E12004F9184 /* AppDelegate.swift */ = {isa = PBXFileReference; lastKnownFileType = sourcecode.swift; path = AppDelegate.swift; sourceTree = "<group>"; };
		4FBE90F71B461E12004F9184 /* Base */ = {isa = PBXFileReference; lastKnownFileType = file.storyboard; name = Base; path = Base.lproj/Main.storyboard; sourceTree = "<group>"; };
		4FBE90F91B461E12004F9184 /* Images.xcassets */ = {isa = PBXFileReference; lastKnownFileType = folder.assetcatalog; path = Images.xcassets; sourceTree = "<group>"; };
		4FBE90FC1B461E12004F9184 /* Base */ = {isa = PBXFileReference; lastKnownFileType = file.xib; name = Base; path = Base.lproj/LaunchScreen.xib; sourceTree = "<group>"; };
		4FBE91021B461E13004F9184 /* WidgetsPrototypeTests.xctest */ = {isa = PBXFileReference; explicitFileType = wrapper.cfbundle; includeInIndex = 0; path = WidgetsPrototypeTests.xctest; sourceTree = BUILT_PRODUCTS_DIR; };
		4FBE91071B461E13004F9184 /* Info.plist */ = {isa = PBXFileReference; lastKnownFileType = text.plist.xml; path = Info.plist; sourceTree = "<group>"; };
		4FBE91081B461E13004F9184 /* WidgetsPrototypeTests.swift */ = {isa = PBXFileReference; lastKnownFileType = sourcecode.swift; path = WidgetsPrototypeTests.swift; sourceTree = "<group>"; };
		4FBE91121B462082004F9184 /* Post.swift */ = {isa = PBXFileReference; fileEncoding = 4; lastKnownFileType = sourcecode.swift; path = Post.swift; sourceTree = "<group>"; };
		4FBE91151B4621AD004F9184 /* ImageMeta.swift */ = {isa = PBXFileReference; fileEncoding = 4; lastKnownFileType = sourcecode.swift; path = ImageMeta.swift; sourceTree = "<group>"; };
		4FBE91171B4621F3004F9184 /* ImageSize.swift */ = {isa = PBXFileReference; fileEncoding = 4; lastKnownFileType = sourcecode.swift; path = ImageSize.swift; sourceTree = "<group>"; };
		4FBE91191B46221A004F9184 /* Source.swift */ = {isa = PBXFileReference; fileEncoding = 4; lastKnownFileType = sourcecode.swift; path = Source.swift; sourceTree = "<group>"; };
		4FBE911B1B46225D004F9184 /* Poster.swift */ = {isa = PBXFileReference; fileEncoding = 4; lastKnownFileType = sourcecode.swift; path = Poster.swift; sourceTree = "<group>"; };
		4FBE911D1B46238B004F9184 /* PostsGateway.swift */ = {isa = PBXFileReference; fileEncoding = 4; lastKnownFileType = sourcecode.swift; path = PostsGateway.swift; sourceTree = "<group>"; };
		4FBE91201B463614004F9184 /* WidgetsTableViewController.swift */ = {isa = PBXFileReference; fileEncoding = 4; lastKnownFileType = sourcecode.swift; path = WidgetsTableViewController.swift; sourceTree = "<group>"; };
		4FBE91231B463E26004F9184 /* PostTableViewCell.swift */ = {isa = PBXFileReference; fileEncoding = 4; lastKnownFileType = sourcecode.swift; path = PostTableViewCell.swift; sourceTree = "<group>"; };
		85AB45417DC328B55CC0CC9C /* Pods.debug.xcconfig */ = {isa = PBXFileReference; includeInIndex = 1; lastKnownFileType = text.xcconfig; name = Pods.debug.xcconfig; path = "Pods/Target Support Files/Pods/Pods.debug.xcconfig"; sourceTree = "<group>"; };
/* End PBXFileReference section */

/* Begin PBXFrameworksBuildPhase section */
		4FBE90EA1B461E12004F9184 /* Frameworks */ = {
			isa = PBXFrameworksBuildPhase;
			buildActionMask = 2147483647;
			files = (
				87C93C27869F5DA829EFE124 /* Pods.framework in Frameworks */,
			);
			runOnlyForDeploymentPostprocessing = 0;
		};
		4FBE90FF1B461E13004F9184 /* Frameworks */ = {
			isa = PBXFrameworksBuildPhase;
			buildActionMask = 2147483647;
			files = (
			);
			runOnlyForDeploymentPostprocessing = 0;
		};
/* End PBXFrameworksBuildPhase section */

/* Begin PBXGroup section */
		4FBE90E41B461E12004F9184 = {
			isa = PBXGroup;
			children = (
				4FBE90EF1B461E12004F9184 /* WidgetsPrototype */,
				4FBE91051B461E13004F9184 /* WidgetsPrototypeTests */,
				4FBE90EE1B461E12004F9184 /* Products */,
				78DFC95734703A0208859A1D /* Pods */,
				D61B59DAEA6098CFA33020CB /* Frameworks */,
			);
			sourceTree = "<group>";
		};
		4FBE90EE1B461E12004F9184 /* Products */ = {
			isa = PBXGroup;
			children = (
				4FBE90ED1B461E12004F9184 /* WidgetsPrototype.app */,
				4FBE91021B461E13004F9184 /* WidgetsPrototypeTests.xctest */,
			);
			name = Products;
			sourceTree = "<group>";
		};
		4FBE90EF1B461E12004F9184 /* WidgetsPrototype */ = {
			isa = PBXGroup;
			children = (
				4FBE90F21B461E12004F9184 /* AppDelegate.swift */,
				4FBE91221B463D2C004F9184 /* Views */,
				4FBE911F1B462395004F9184 /* Lib */,
				4FBE91141B462087004F9184 /* Models */,
				4FBE90F61B461E12004F9184 /* Main.storyboard */,
				4FBE90F91B461E12004F9184 /* Images.xcassets */,
				4FBE90FB1B461E12004F9184 /* LaunchScreen.xib */,
				4FBE90F01B461E12004F9184 /* Supporting Files */,
			);
			path = WidgetsPrototype;
			sourceTree = "<group>";
		};
		4FBE90F01B461E12004F9184 /* Supporting Files */ = {
			isa = PBXGroup;
			children = (
				4FBE90F11B461E12004F9184 /* Info.plist */,
				4F029F711B46433700374B83 /* WidgetsPrototype-Bridging-Header.h */,
			);
			name = "Supporting Files";
			sourceTree = "<group>";
		};
		4FBE91051B461E13004F9184 /* WidgetsPrototypeTests */ = {
			isa = PBXGroup;
			children = (
				4FBE91081B461E13004F9184 /* WidgetsPrototypeTests.swift */,
				4FBE91061B461E13004F9184 /* Supporting Files */,
			);
			path = WidgetsPrototypeTests;
			sourceTree = "<group>";
		};
		4FBE91061B461E13004F9184 /* Supporting Files */ = {
			isa = PBXGroup;
			children = (
				4FBE91071B461E13004F9184 /* Info.plist */,
			);
			name = "Supporting Files";
			sourceTree = "<group>";
		};
		4FBE91141B462087004F9184 /* Models */ = {
			isa = PBXGroup;
			children = (
				4F029F721B465B9500374B83 /* Widget.swift */,
				4F029F741B465CE000374B83 /* Location.swift */,
				4FBE91121B462082004F9184 /* Post.swift */,
				4FBE91151B4621AD004F9184 /* ImageMeta.swift */,
				4FBE91171B4621F3004F9184 /* ImageSize.swift */,
				4FBE91191B46221A004F9184 /* Source.swift */,
				4FBE911B1B46225D004F9184 /* Poster.swift */,
			);
			name = Models;
			sourceTree = "<group>";
		};
		4FBE911F1B462395004F9184 /* Lib */ = {
			isa = PBXGroup;
			children = (
				4FBE911D1B46238B004F9184 /* PostsGateway.swift */,
				4F029F761B465D8000374B83 /* WidgetsGateway.swift */,
			);
			name = Lib;
			sourceTree = "<group>";
		};
		4FBE91221B463D2C004F9184 /* Views */ = {
			isa = PBXGroup;
			children = (
				4FBE91201B463614004F9184 /* WidgetsTableViewController.swift */,
				4F029F781B46603E00374B83 /* PostsTableViewController.swift */,
				4FBE91231B463E26004F9184 /* PostTableViewCell.swift */,
			);
			name = Views;
			sourceTree = "<group>";
		};
		78DFC95734703A0208859A1D /* Pods */ = {
			isa = PBXGroup;
			children = (
				85AB45417DC328B55CC0CC9C /* Pods.debug.xcconfig */,
				370E143C346F2AE7C916FE63 /* Pods.release.xcconfig */,
			);
			name = Pods;
			sourceTree = "<group>";
		};
		D61B59DAEA6098CFA33020CB /* Frameworks */ = {
			isa = PBXGroup;
			children = (
				4C7880BB13871E4B8C6FA0C4 /* Pods.framework */,
			);
			name = Frameworks;
			sourceTree = "<group>";
		};
/* End PBXGroup section */

/* Begin PBXNativeTarget section */
		4FBE90EC1B461E12004F9184 /* WidgetsPrototype */ = {
			isa = PBXNativeTarget;
			buildConfigurationList = 4FBE910C1B461E13004F9184 /* Build configuration list for PBXNativeTarget "WidgetsPrototype" */;
			buildPhases = (
				A4A45FF45246E85FE54157B9 /* Check Pods Manifest.lock */,
				4FBE90E91B461E12004F9184 /* Sources */,
				4FBE90EA1B461E12004F9184 /* Frameworks */,
				4FBE90EB1B461E12004F9184 /* Resources */,
				8F988530409DA72A24DFF51F /* Embed Pods Frameworks */,
				079E8F3C5E3F9164CAF445FD /* Copy Pods Resources */,
			);
			buildRules = (
			);
			dependencies = (
			);
			name = WidgetsPrototype;
			productName = WidgetsPrototype;
			productReference = 4FBE90ED1B461E12004F9184 /* WidgetsPrototype.app */;
			productType = "com.apple.product-type.application";
		};
		4FBE91011B461E13004F9184 /* WidgetsPrototypeTests */ = {
			isa = PBXNativeTarget;
			buildConfigurationList = 4FBE910F1B461E13004F9184 /* Build configuration list for PBXNativeTarget "WidgetsPrototypeTests" */;
			buildPhases = (
				4FBE90FE1B461E13004F9184 /* Sources */,
				4FBE90FF1B461E13004F9184 /* Frameworks */,
				4FBE91001B461E13004F9184 /* Resources */,
			);
			buildRules = (
			);
			dependencies = (
				4FBE91041B461E13004F9184 /* PBXTargetDependency */,
			);
			name = WidgetsPrototypeTests;
			productName = WidgetsPrototypeTests;
			productReference = 4FBE91021B461E13004F9184 /* WidgetsPrototypeTests.xctest */;
			productType = "com.apple.product-type.bundle.unit-test";
		};
/* End PBXNativeTarget section */

/* Begin PBXProject section */
		4FBE90E51B461E12004F9184 /* Project object */ = {
			isa = PBXProject;
			attributes = {
				LastUpgradeCheck = 0640;
				ORGANIZATIONNAME = solal;
				TargetAttributes = {
					4FBE90EC1B461E12004F9184 = {
						CreatedOnToolsVersion = 6.4;
					};
					4FBE91011B461E13004F9184 = {
						CreatedOnToolsVersion = 6.4;
						TestTargetID = 4FBE90EC1B461E12004F9184;
					};
				};
			};
			buildConfigurationList = 4FBE90E81B461E12004F9184 /* Build configuration list for PBXProject "WidgetsPrototype" */;
			compatibilityVersion = "Xcode 3.2";
			developmentRegion = English;
			hasScannedForEncodings = 0;
			knownRegions = (
				en,
				Base,
			);
			mainGroup = 4FBE90E41B461E12004F9184;
			productRefGroup = 4FBE90EE1B461E12004F9184 /* Products */;
			projectDirPath = "";
			projectRoot = "";
			targets = (
				4FBE90EC1B461E12004F9184 /* WidgetsPrototype */,
				4FBE91011B461E13004F9184 /* WidgetsPrototypeTests */,
			);
		};
/* End PBXProject section */

/* Begin PBXResourcesBuildPhase section */
		4FBE90EB1B461E12004F9184 /* Resources */ = {
			isa = PBXResourcesBuildPhase;
			buildActionMask = 2147483647;
			files = (
				4FBE90F81B461E12004F9184 /* Main.storyboard in Resources */,
				4FBE90FD1B461E12004F9184 /* LaunchScreen.xib in Resources */,
				4FBE90FA1B461E12004F9184 /* Images.xcassets in Resources */,
			);
			runOnlyForDeploymentPostprocessing = 0;
		};
		4FBE91001B461E13004F9184 /* Resources */ = {
			isa = PBXResourcesBuildPhase;
			buildActionMask = 2147483647;
			files = (
			);
			runOnlyForDeploymentPostprocessing = 0;
		};
/* End PBXResourcesBuildPhase section */

/* Begin PBXShellScriptBuildPhase section */
		079E8F3C5E3F9164CAF445FD /* Copy Pods Resources */ = {
			isa = PBXShellScriptBuildPhase;
			buildActionMask = 2147483647;
			files = (
			);
			inputPaths = (
			);
			name = "Copy Pods Resources";
			outputPaths = (
			);
			runOnlyForDeploymentPostprocessing = 0;
			shellPath = /bin/sh;
			shellScript = "\"${SRCROOT}/Pods/Target Support Files/Pods/Pods-resources.sh\"\n";
			showEnvVarsInLog = 0;
		};
		8F988530409DA72A24DFF51F /* Embed Pods Frameworks */ = {
			isa = PBXShellScriptBuildPhase;
			buildActionMask = 2147483647;
			files = (
			);
			inputPaths = (
			);
			name = "Embed Pods Frameworks";
			outputPaths = (
			);
			runOnlyForDeploymentPostprocessing = 0;
			shellPath = /bin/sh;
			shellScript = "\"${SRCROOT}/Pods/Target Support Files/Pods/Pods-frameworks.sh\"\n";
			showEnvVarsInLog = 0;
		};
		A4A45FF45246E85FE54157B9 /* Check Pods Manifest.lock */ = {
			isa = PBXShellScriptBuildPhase;
			buildActionMask = 2147483647;
			files = (
			);
			inputPaths = (
			);
			name = "Check Pods Manifest.lock";
			outputPaths = (
			);
			runOnlyForDeploymentPostprocessing = 0;
			shellPath = /bin/sh;
			shellScript = "diff \"${PODS_ROOT}/../Podfile.lock\" \"${PODS_ROOT}/Manifest.lock\" > /dev/null\nif [[ $? != 0 ]] ; then\n    cat << EOM\nerror: The sandbox is not in sync with the Podfile.lock. Run 'pod install' or update your CocoaPods installation.\nEOM\n    exit 1\nfi\n";
			showEnvVarsInLog = 0;
		};
/* End PBXShellScriptBuildPhase section */

/* Begin PBXSourcesBuildPhase section */
		4FBE90E91B461E12004F9184 /* Sources */ = {
			isa = PBXSourcesBuildPhase;
			buildActionMask = 2147483647;
			files = (
				4FBE911E1B46238B004F9184 /* PostsGateway.swift in Sources */,
				4F029F751B465CE000374B83 /* Location.swift in Sources */,
				4F029F791B46603E00374B83 /* PostsTableViewController.swift in Sources */,
				4FBE91161B4621AD004F9184 /* ImageMeta.swift in Sources */,
				4FBE91131B462082004F9184 /* Post.swift in Sources */,
				4FBE911A1B46221A004F9184 /* Source.swift in Sources */,
				4FBE911C1B46225D004F9184 /* Poster.swift in Sources */,
				4FBE91211B463614004F9184 /* WidgetsTableViewController.swift in Sources */,
				4FBE91181B4621F3004F9184 /* ImageSize.swift in Sources */,
				4F029F771B465D8000374B83 /* WidgetsGateway.swift in Sources */,
				4F029F731B465B9500374B83 /* Widget.swift in Sources */,
				4FBE90F31B461E12004F9184 /* AppDelegate.swift in Sources */,
				4FBE91241B463E26004F9184 /* PostTableViewCell.swift in Sources */,
			);
			runOnlyForDeploymentPostprocessing = 0;
		};
		4FBE90FE1B461E13004F9184 /* Sources */ = {
			isa = PBXSourcesBuildPhase;
			buildActionMask = 2147483647;
			files = (
				4FBE91091B461E13004F9184 /* WidgetsPrototypeTests.swift in Sources */,
			);
			runOnlyForDeploymentPostprocessing = 0;
		};
/* End PBXSourcesBuildPhase section */

/* Begin PBXTargetDependency section */
		4FBE91041B461E13004F9184 /* PBXTargetDependency */ = {
			isa = PBXTargetDependency;
			target = 4FBE90EC1B461E12004F9184 /* WidgetsPrototype */;
			targetProxy = 4FBE91031B461E13004F9184 /* PBXContainerItemProxy */;
		};
/* End PBXTargetDependency section */

/* Begin PBXVariantGroup section */
		4FBE90F61B461E12004F9184 /* Main.storyboard */ = {
			isa = PBXVariantGroup;
			children = (
				4FBE90F71B461E12004F9184 /* Base */,
			);
			name = Main.storyboard;
			sourceTree = "<group>";
		};
		4FBE90FB1B461E12004F9184 /* LaunchScreen.xib */ = {
			isa = PBXVariantGroup;
			children = (
				4FBE90FC1B461E12004F9184 /* Base */,
			);
			name = LaunchScreen.xib;
			sourceTree = "<group>";
		};
/* End PBXVariantGroup section */

/* Begin XCBuildConfiguration section */
		4FBE910A1B461E13004F9184 /* Debug */ = {
			isa = XCBuildConfiguration;
			buildSettings = {
				ALWAYS_SEARCH_USER_PATHS = NO;
				CLANG_CXX_LANGUAGE_STANDARD = "gnu++0x";
				CLANG_CXX_LIBRARY = "libc++";
				CLANG_ENABLE_MODULES = YES;
				CLANG_ENABLE_OBJC_ARC = YES;
				CLANG_WARN_BOOL_CONVERSION = YES;
				CLANG_WARN_CONSTANT_CONVERSION = YES;
				CLANG_WARN_DIRECT_OBJC_ISA_USAGE = YES_ERROR;
				CLANG_WARN_EMPTY_BODY = YES;
				CLANG_WARN_ENUM_CONVERSION = YES;
				CLANG_WARN_INT_CONVERSION = YES;
				CLANG_WARN_OBJC_ROOT_CLASS = YES_ERROR;
				CLANG_WARN_UNREACHABLE_CODE = YES;
				CLANG_WARN__DUPLICATE_METHOD_MATCH = YES;
				"CODE_SIGN_IDENTITY[sdk=iphoneos*]" = "iPhone Developer";
				COPY_PHASE_STRIP = NO;
				DEBUG_INFORMATION_FORMAT = "dwarf-with-dsym";
				ENABLE_STRICT_OBJC_MSGSEND = YES;
				GCC_C_LANGUAGE_STANDARD = gnu99;
				GCC_DYNAMIC_NO_PIC = NO;
				GCC_NO_COMMON_BLOCKS = YES;
				GCC_OPTIMIZATION_LEVEL = 0;
				GCC_PREPROCESSOR_DEFINITIONS = (
					"DEBUG=1",
					"$(inherited)",
				);
				GCC_SYMBOLS_PRIVATE_EXTERN = NO;
				GCC_WARN_64_TO_32_BIT_CONVERSION = YES;
				GCC_WARN_ABOUT_RETURN_TYPE = YES_ERROR;
				GCC_WARN_UNDECLARED_SELECTOR = YES;
				GCC_WARN_UNINITIALIZED_AUTOS = YES_AGGRESSIVE;
				GCC_WARN_UNUSED_FUNCTION = YES;
				GCC_WARN_UNUSED_VARIABLE = YES;
				IPHONEOS_DEPLOYMENT_TARGET = 8.4;
				MTL_ENABLE_DEBUG_INFO = YES;
				ONLY_ACTIVE_ARCH = YES;
				SDKROOT = iphoneos;
				SWIFT_OPTIMIZATION_LEVEL = "-Onone";
				TARGETED_DEVICE_FAMILY = "1,2";
			};
			name = Debug;
		};
		4FBE910B1B461E13004F9184 /* Release */ = {
			isa = XCBuildConfiguration;
			buildSettings = {
				ALWAYS_SEARCH_USER_PATHS = NO;
				CLANG_CXX_LANGUAGE_STANDARD = "gnu++0x";
				CLANG_CXX_LIBRARY = "libc++";
				CLANG_ENABLE_MODULES = YES;
				CLANG_ENABLE_OBJC_ARC = YES;
				CLANG_WARN_BOOL_CONVERSION = YES;
				CLANG_WARN_CONSTANT_CONVERSION = YES;
				CLANG_WARN_DIRECT_OBJC_ISA_USAGE = YES_ERROR;
				CLANG_WARN_EMPTY_BODY = YES;
				CLANG_WARN_ENUM_CONVERSION = YES;
				CLANG_WARN_INT_CONVERSION = YES;
				CLANG_WARN_OBJC_ROOT_CLASS = YES_ERROR;
				CLANG_WARN_UNREACHABLE_CODE = YES;
				CLANG_WARN__DUPLICATE_METHOD_MATCH = YES;
				"CODE_SIGN_IDENTITY[sdk=iphoneos*]" = "iPhone Developer";
				COPY_PHASE_STRIP = NO;
				DEBUG_INFORMATION_FORMAT = "dwarf-with-dsym";
				ENABLE_NS_ASSERTIONS = NO;
				ENABLE_STRICT_OBJC_MSGSEND = YES;
				GCC_C_LANGUAGE_STANDARD = gnu99;
				GCC_NO_COMMON_BLOCKS = YES;
				GCC_WARN_64_TO_32_BIT_CONVERSION = YES;
				GCC_WARN_ABOUT_RETURN_TYPE = YES_ERROR;
				GCC_WARN_UNDECLARED_SELECTOR = YES;
				GCC_WARN_UNINITIALIZED_AUTOS = YES_AGGRESSIVE;
				GCC_WARN_UNUSED_FUNCTION = YES;
				GCC_WARN_UNUSED_VARIABLE = YES;
				IPHONEOS_DEPLOYMENT_TARGET = 8.4;
				MTL_ENABLE_DEBUG_INFO = NO;
				SDKROOT = iphoneos;
				TARGETED_DEVICE_FAMILY = "1,2";
				VALIDATE_PRODUCT = YES;
			};
			name = Release;
		};
		4FBE910D1B461E13004F9184 /* Debug */ = {
			isa = XCBuildConfiguration;
			baseConfigurationReference = 85AB45417DC328B55CC0CC9C /* Pods.debug.xcconfig */;
			buildSettings = {
				ASSETCATALOG_COMPILER_APPICON_NAME = AppIcon;
				INFOPLIST_FILE = WidgetsPrototype/Info.plist;
				LD_RUNPATH_SEARCH_PATHS = "$(inherited) @executable_path/Frameworks";
				PRODUCT_NAME = "$(TARGET_NAME)";
			};
			name = Debug;
		};
		4FBE910E1B461E13004F9184 /* Release */ = {
			isa = XCBuildConfiguration;
			baseConfigurationReference = 370E143C346F2AE7C916FE63 /* Pods.release.xcconfig */;
			buildSettings = {
				ASSETCATALOG_COMPILER_APPICON_NAME = AppIcon;
				INFOPLIST_FILE = WidgetsPrototype/Info.plist;
				LD_RUNPATH_SEARCH_PATHS = "$(inherited) @executable_path/Frameworks";
				PRODUCT_NAME = "$(TARGET_NAME)";
			};
			name = Release;
		};
		4FBE91101B461E13004F9184 /* Debug */ = {
			isa = XCBuildConfiguration;
			buildSettings = {
				BUNDLE_LOADER = "$(TEST_HOST)";
				FRAMEWORK_SEARCH_PATHS = (
					"$(SDKROOT)/Developer/Library/Frameworks",
					"$(inherited)",
				);
				GCC_PREPROCESSOR_DEFINITIONS = (
					"DEBUG=1",
					"$(inherited)",
				);
				INFOPLIST_FILE = WidgetsPrototypeTests/Info.plist;
				LD_RUNPATH_SEARCH_PATHS = "$(inherited) @executable_path/Frameworks @loader_path/Frameworks";
				PRODUCT_NAME = "$(TARGET_NAME)";
				TEST_HOST = "$(BUILT_PRODUCTS_DIR)/WidgetsPrototype.app/WidgetsPrototype";
			};
			name = Debug;
		};
		4FBE91111B461E13004F9184 /* Release */ = {
			isa = XCBuildConfiguration;
			buildSettings = {
				BUNDLE_LOADER = "$(TEST_HOST)";
				FRAMEWORK_SEARCH_PATHS = (
					"$(SDKROOT)/Developer/Library/Frameworks",
					"$(inherited)",
				);
				INFOPLIST_FILE = WidgetsPrototypeTests/Info.plist;
				LD_RUNPATH_SEARCH_PATHS = "$(inherited) @executable_path/Frameworks @loader_path/Frameworks";
				PRODUCT_NAME = "$(TARGET_NAME)";
				TEST_HOST = "$(BUILT_PRODUCTS_DIR)/WidgetsPrototype.app/WidgetsPrototype";
			};
			name = Release;
		};
/* End XCBuildConfiguration section */

/* Begin XCConfigurationList section */
		4FBE90E81B461E12004F9184 /* Build configuration list for PBXProject "WidgetsPrototype" */ = {
			isa = XCConfigurationList;
			buildConfigurations = (
				4FBE910A1B461E13004F9184 /* Debug */,
				4FBE910B1B461E13004F9184 /* Release */,
			);
			defaultConfigurationIsVisible = 0;
			defaultConfigurationName = Release;
		};
		4FBE910C1B461E13004F9184 /* Build configuration list for PBXNativeTarget "WidgetsPrototype" */ = {
			isa = XCConfigurationList;
			buildConfigurations = (
				4FBE910D1B461E13004F9184 /* Debug */,
				4FBE910E1B461E13004F9184 /* Release */,
			);
			defaultConfigurationIsVisible = 0;
			defaultConfigurationName = Release;
		};
		4FBE910F1B461E13004F9184 /* Build configuration list for PBXNativeTarget "WidgetsPrototypeTests" */ = {
			isa = XCConfigurationList;
			buildConfigurations = (
				4FBE91101B461E13004F9184 /* Debug */,
				4FBE91111B461E13004F9184 /* Release */,
			);
			defaultConfigurationIsVisible = 0;
			defaultConfigurationName = Release;
		};
/* End XCConfigurationList section */
	};
	rootObject = 4FBE90E51B461E12004F9184 /* Project object */;
}
